// !$*UTF8*$!
{
	archiveVersion = 1;
	classes = {
	};
	objectVersion = 50;
	objects = {

/* Begin PBXBuildFile section */
		F92FB63C2271A9F500BB1045 /* AppDelegate.swift in Sources */ = {isa = PBXBuildFile; fileRef = F92FB63B2271A9F500BB1045 /* AppDelegate.swift */; };
		F92FB63E2271A9F500BB1045 /* ViewController.swift in Sources */ = {isa = PBXBuildFile; fileRef = F92FB63D2271A9F500BB1045 /* ViewController.swift */; };
		F92FB6412271A9F500BB1045 /* Main.storyboard in Resources */ = {isa = PBXBuildFile; fileRef = F92FB63F2271A9F500BB1045 /* Main.storyboard */; };
		F92FB6432271A9F600BB1045 /* Assets.xcassets in Resources */ = {isa = PBXBuildFile; fileRef = F92FB6422271A9F600BB1045 /* Assets.xcassets */; };
		F92FB6462271A9F600BB1045 /* LaunchScreen.storyboard in Resources */ = {isa = PBXBuildFile; fileRef = F92FB6442271A9F600BB1045 /* LaunchScreen.storyboard */; };
/* End PBXBuildFile section */

/* Begin PBXFileReference section */
		F92FB6382271A9F500BB1045 /* TestFotGKC.app */ = {isa = PBXFileReference; explicitFileType = wrapper.application; includeInIndex = 0; path = TestFotGKC.app; sourceTree = BUILT_PRODUCTS_DIR; };
		F92FB63B2271A9F500BB1045 /* AppDelegate.swift */ = {isa = PBXFileReference; lastKnownFileType = sourcecode.swift; path = AppDelegate.swift; sourceTree = "<group>"; };
		F92FB63D2271A9F500BB1045 /* ViewController.swift */ = {isa = PBXFileReference; lastKnownFileType = sourcecode.swift; path = ViewController.swift; sourceTree = "<group>"; };
		F92FB6402271A9F500BB1045 /* Base */ = {isa = PBXFileReference; lastKnownFileType = file.storyboard; name = Base; path = Base.lproj/Main.storyboard; sourceTree = "<group>"; };
		F92FB6422271A9F600BB1045 /* Assets.xcassets */ = {isa = PBXFileReference; lastKnownFileType = folder.assetcatalog; path = Assets.xcassets; sourceTree = "<group>"; };
		F92FB6452271A9F600BB1045 /* Base */ = {isa = PBXFileReference; lastKnownFileType = file.storyboard; name = Base; path = Base.lproj/LaunchScreen.storyboard; sourceTree = "<group>"; };
		F92FB6472271A9F600BB1045 /* Info.plist */ = {isa = PBXFileReference; lastKnownFileType = text.plist.xml; path = Info.plist; sourceTree = "<group>"; };
/* End PBXFileReference section */

/* Begin PBXFrameworksBuildPhase section */
		F92FB6352271A9F500BB1045 /* Frameworks */ = {
			isa = PBXFrameworksBuildPhase;
			buildActionMask = 2147483647;
			files = (
			);
			runOnlyForDeploymentPostprocessing = 0;
		};
/* End PBXFrameworksBuildPhase section */

/* Begin PBXGroup section */
		F92FB62F2271A9F500BB1045 = {
			isa = PBXGroup;
			children = (
				F92FB63A2271A9F500BB1045 /* TestFotGKC */,
				F92FB6392271A9F500BB1045 /* Products */,
			);
			sourceTree = "<group>";
		};
		F92FB6392271A9F500BB1045 /* Products */ = {
			isa = PBXGroup;
			children = (
				F92FB6382271A9F500BB1045 /* TestFotGKC.app */,
			);
			name = Products;
			sourceTree = "<group>";
		};
		F92FB63A2271A9F500BB1045 /* TestFotGKC */ = {
			isa = PBXGroup;
			children = (
				F92FB63B2271A9F500BB1045 /* AppDelegate.swift */,
				F92FB63D2271A9F500BB1045 /* ViewController.swift */,
				F92FB63F2271A9F500BB1045 /* Main.storyboard */,
				F92FB6422271A9F600BB1045 /* Assets.xcassets */,
				F92FB6442271A9F600BB1045 /* LaunchScreen.storyboard */,
				F92FB6472271A9F600BB1045 /* Info.plist */,
			);
			path = TestFotGKC;
			sourceTree = "<group>";
		};
/* End PBXGroup section */

/* Begin PBXNativeTarget section */
		F92FB6372271A9F500BB1045 /* TestFotGKC */ = {
			isa = PBXNativeTarget;
			buildConfigurationList = F92FB64A2271A9F600BB1045 /* Build configuration list for PBXNativeTarget "TestFotGKC" */;
			buildPhases = (
				F92FB6342271A9F500BB1045 /* Sources */,
				F92FB6352271A9F500BB1045 /* Frameworks */,
				F92FB6362271A9F500BB1045 /* Resources */,
			);
			buildRules = (
			);
			dependencies = (
			);
			name = TestFotGKC;
			productName = TestFotGKC;
			productReference = F92FB6382271A9F500BB1045 /* TestFotGKC.app */;
			productType = "com.apple.product-type.application";
		};
/* End PBXNativeTarget section */

/* Begin PBXProject section */
		F92FB6302271A9F500BB1045 /* Project object */ = {
			isa = PBXProject;
			attributes = {
				LastSwiftUpdateCheck = 1020;
				LastUpgradeCheck = 1020;
				ORGANIZATIONNAME = "haruki yasui";
				TargetAttributes = {
					F92FB6372271A9F500BB1045 = {
						CreatedOnToolsVersion = 10.2;
					};
				};
			};
			buildConfigurationList = F92FB6332271A9F500BB1045 /* Build configuration list for PBXProject "TestFotGKC" */;
			compatibilityVersion = "Xcode 9.3";
			developmentRegion = en;
			hasScannedForEncodings = 0;
			knownRegions = (
				en,
				Base,
			);
			mainGroup = F92FB62F2271A9F500BB1045;
			productRefGroup = F92FB6392271A9F500BB1045 /* Products */;
			projectDirPath = "";
			projectRoot = "";
			targets = (
				F92FB6372271A9F500BB1045 /* TestFotGKC */,
			);
		};
/* End PBXProject section */

/* Begin PBXResourcesBuildPhase section */
		F92FB6362271A9F500BB1045 /* Resources */ = {
			isa = PBXResourcesBuildPhase;
			buildActionMask = 2147483647;
			files = (
				F92FB6462271A9F600BB1045 /* LaunchScreen.storyboard in Resources */,
				F92FB6432271A9F600BB1045 /* Assets.xcassets in Resources */,
				F92FB6412271A9F500BB1045 /* Main.storyboard in Resources */,
			);
			runOnlyForDeploymentPostprocessing = 0;
		};
/* End PBXResourcesBuildPhase section */

/* Begin PBXSourcesBuildPhase section */
		F92FB6342271A9F500BB1045 /* Sources */ = {
			isa = PBXSourcesBuildPhase;
			buildActionMask = 2147483647;
			files = (
				F92FB63E2271A9F500BB1045 /* ViewController.swift in Sources */,
				F92FB63C2271A9F500BB1045 /* AppDelegate.swift in Sources */,
			);
			runOnlyForDeploymentPostprocessing = 0;
		};
/* End PBXSourcesBuildPhase section */

/* Begin PBXVariantGroup section */
		F92FB63F2271A9F500BB1045 /* Main.storyboard */ = {
			isa = PBXVariantGroup;
			children = (
				F92FB6402271A9F500BB1045 /* Base */,
			);
			name = Main.storyboard;
			sourceTree = "<group>";
		};
		F92FB6442271A9F600BB1045 /* LaunchScreen.storyboard */ = {
			isa = PBXVariantGroup;
			children = (
				F92FB6452271A9F600BB1045 /* Base */,
			);
			name = LaunchScreen.storyboard;
			sourceTree = "<group>";
		};
/* End PBXVariantGroup section */

/* Begin XCBuildConfiguration section */
		F92FB6482271A9F600BB1045 /* Debug */ = {
			isa = XCBuildConfiguration;
			buildSettings = {
				ALWAYS_SEARCH_USER_PATHS = NO;
				CLANG_ANALYZER_NONNULL = YES;
				CLANG_ANALYZER_NUMBER_OBJECT_CONVERSION = YES_AGGRESSIVE;
				CLANG_CXX_LANGUAGE_STANDARD = "gnu++14";
				CLANG_CXX_LIBRARY = "libc++";
				CLANG_ENABLE_MODULES = YES;
				CLANG_ENABLE_OBJC_ARC = YES;
				CLANG_ENABLE_OBJC_WEAK = YES;
				CLANG_WARN_BLOCK_CAPTURE_AUTORELEASING = YES;
				CLANG_WARN_BOOL_CONVERSION = YES;
				CLANG_WARN_COMMA = YES;
				CLANG_WARN_CONSTANT_CONVERSION = YES;
				CLANG_WARN_DEPRECATED_OBJC_IMPLEMENTATIONS = YES;
				CLANG_WARN_DIRECT_OBJC_ISA_USAGE = YES_ERROR;
				CLANG_WARN_DOCUMENTATION_COMMENTS = YES;
				CLANG_WARN_EMPTY_BODY = YES;
				CLANG_WARN_ENUM_CONVERSION = YES;
				CLANG_WARN_INFINITE_RECURSION = YES;
				CLANG_WARN_INT_CONVERSION = YES;
				CLANG_WARN_NON_LITERAL_NULL_CONVERSION = YES;
				CLANG_WARN_OBJC_IMPLICIT_RETAIN_SELF = YES;
				CLANG_WARN_OBJC_LITERAL_CONVERSION = YES;
				CLANG_WARN_OBJC_ROOT_CLASS = YES_ERROR;
				CLANG_WARN_RANGE_LOOP_ANALYSIS = YES;
				CLANG_WARN_STRICT_PROTOTYPES = YES;
				CLANG_WARN_SUSPICIOUS_MOVE = YES;
				CLANG_WARN_UNGUARDED_AVAILABILITY = YES_AGGRESSIVE;
				CLANG_WARN_UNREACHABLE_CODE = YES;
				CLANG_WARN__DUPLICATE_METHOD_MATCH = YES;
				CODE_SIGN_IDENTITY = "iPhone Developer";
				COPY_PHASE_STRIP = NO;
				DEBUG_INFORMATION_FORMAT = dwarf;
				ENABLE_STRICT_OBJC_MSGSEND = YES;
				ENABLE_TESTABILITY = YES;
				GCC_C_LANGUAGE_STANDARD = gnu11;
				GCC_DYNAMIC_NO_PIC = NO;
				GCC_NO_COMMON_BLOCKS = YES;
				GCC_OPTIMIZATION_LEVEL = 0;
				GCC_PREPROCESSOR_DEFINITIONS = (
					"DEBUG=1",
					"$(inherited)",
				);
				GCC_WARN_64_TO_32_BIT_CONVERSION = YES;
				GCC_WARN_ABOUT_RETURN_TYPE = YES_ERROR;
				GCC_WARN_UNDECLARED_SELECTOR = YES;
				GCC_WARN_UNINITIALIZED_AUTOS = YES_AGGRESSIVE;
				GCC_WARN_UNUSED_FUNCTION = YES;
				GCC_WARN_UNUSED_VARIABLE = YES;
				IPHONEOS_DEPLOYMENT_TARGET = 12.2;
				MTL_ENABLE_DEBUG_INFO = INCLUDE_SOURCE;
				MTL_FAST_MATH = YES;
				ONLY_ACTIVE_ARCH = YES;
				SDKROOT = iphoneos;
				SWIFT_ACTIVE_COMPILATION_CONDITIONS = DEBUG;
				SWIFT_OPTIMIZATION_LEVEL = "-Onone";
			};
			name = Debug;
		};
		F92FB6492271A9F600BB1045 /* Release */ = {
			isa = XCBuildConfiguration;
			buildSettings = {
				ALWAYS_SEARCH_USER_PATHS = NO;
				CLANG_ANALYZER_NONNULL = YES;
				CLANG_ANALYZER_NUMBER_OBJECT_CONVERSION = YES_AGGRESSIVE;
				CLANG_CXX_LANGUAGE_STANDARD = "gnu++14";
				CLANG_CXX_LIBRARY = "libc++";
				CLANG_ENABLE_MODULES = YES;
				CLANG_ENABLE_OBJC_ARC = YES;
				CLANG_ENABLE_OBJC_WEAK = YES;
				CLANG_WARN_BLOCK_CAPTURE_AUTORELEASING = YES;
				CLANG_WARN_BOOL_CONVERSION = YES;
				CLANG_WARN_COMMA = YES;
				CLANG_WARN_CONSTANT_CONVERSION = YES;
				CLANG_WARN_DEPRECATED_OBJC_IMPLEMENTATIONS = YES;
				CLANG_WARN_DIRECT_OBJC_ISA_USAGE = YES_ERROR;
				CLANG_WARN_DOCUMENTATION_COMMENTS = YES;
				CLANG_WARN_EMPTY_BODY = YES;
				CLANG_WARN_ENUM_CONVERSION = YES;
				CLANG_WARN_INFINITE_RECURSION = YES;
				CLANG_WARN_INT_CONVERSION = YES;
				CLANG_WARN_NON_LITERAL_NULL_CONVERSION = YES;
				CLANG_WARN_OBJC_IMPLICIT_RETAIN_SELF = YES;
				CLANG_WARN_OBJC_LITERAL_CONVERSION = YES;
				CLANG_WARN_OBJC_ROOT_CLASS = YES_ERROR;
				CLANG_WARN_RANGE_LOOP_ANALYSIS = YES;
				CLANG_WARN_STRICT_PROTOTYPES = YES;
				CLANG_WARN_SUSPICIOUS_MOVE = YES;
				CLANG_WARN_UNGUARDED_AVAILABILITY = YES_AGGRESSIVE;
				CLANG_WARN_UNREACHABLE_CODE = YES;
				CLANG_WARN__DUPLICATE_METHOD_MATCH = YES;
				CODE_SIGN_IDENTITY = "iPhone Developer";
				COPY_PHASE_STRIP = NO;
				DEBUG_INFORMATION_FORMAT = "dwarf-with-dsym";
				ENABLE_NS_ASSERTIONS = NO;
				ENABLE_STRICT_OBJC_MSGSEND = YES;
				GCC_C_LANGUAGE_STANDARD = gnu11;
				GCC_NO_COMMON_BLOCKS = YES;
				GCC_WARN_64_TO_32_BIT_CONVERSION = YES;
				GCC_WARN_ABOUT_RETURN_TYPE = YES_ERROR;
				GCC_WARN_UNDECLARED_SELECTOR = YES;
				GCC_WARN_UNINITIALIZED_AUTOS = YES_AGGRESSIVE;
				GCC_WARN_UNUSED_FUNCTION = YES;
				GCC_WARN_UNUSED_VARIABLE = YES;
				IPHONEOS_DEPLOYMENT_TARGET = 12.2;
				MTL_ENABLE_DEBUG_INFO = NO;
				MTL_FAST_MATH = YES;
				SDKROOT = iphoneos;
				SWIFT_COMPILATION_MODE = wholemodule;
				SWIFT_OPTIMIZATION_LEVEL = "-O";
				VALIDATE_PRODUCT = YES;
			};
			name = Release;
		};
		F92FB64B2271A9F600BB1045 /* Debug */ = {
			isa = XCBuildConfiguration;
			buildSettings = {
				ASSETCATALOG_COMPILER_APPICON_NAME = AppIcon;
				CODE_SIGN_STYLE = Automatic;
				DEVELOPMENT_TEAM = ZVKGPHP638;
				INFOPLIST_FILE = TestFotGKC/Info.plist;
				LD_RUNPATH_SEARCH_PATHS = (
					"$(inherited)",
					"@executable_path/Frameworks",
				);
				PRODUCT_BUNDLE_IDENTIFIER = com.harukiyasui.TestFotGKC;
				PRODUCT_NAME = "$(TARGET_NAME)";
				SWIFT_VERSION = 5.0;
				TARGETED_DEVICE_FAMILY = "1,2";
			};
			name = Debug;
		};
		F92FB64C2271A9F600BB1045 /* Release */ = {
			isa = XCBuildConfiguration;
			buildSettings = {
				ASSETCATALOG_COMPILER_APPICON_NAME = AppIcon;
				CODE_SIGN_STYLE = Automatic;
				DEVELOPMENT_TEAM = ZVKGPHP638;
				INFOPLIST_FILE = TestFotGKC/Info.plist;
				LD_RUNPATH_SEARCH_PATHS = (
					"$(inherited)",
					"@executable_path/Frameworks",
				);
				PRODUCT_BUNDLE_IDENTIFIER = com.harukiyasui.TestFotGKC;
				PRODUCT_NAME = "$(TARGET_NAME)";
				SWIFT_VERSION = 5.0;
				TARGETED_DEVICE_FAMILY = "1,2";
			};
			name = Release;
		};
/* End XCBuildConfiguration section */

/* Begin XCConfigurationList section */
		F92FB6332271A9F500BB1045 /* Build configuration list for PBXProject "TestFotGKC" */ = {
			isa = XCConfigurationList;
			buildConfigurations = (
				F92FB6482271A9F600BB1045 /* Debug */,
				F92FB6492271A9F600BB1045 /* Release */,
			);
			defaultConfigurationIsVisible = 0;
			defaultConfigurationName = Release;
		};
		F92FB64A2271A9F600BB1045 /* Build configuration list for PBXNativeTarget "TestFotGKC" */ = {
			isa = XCConfigurationList;
			buildConfigurations = (
				F92FB64B2271A9F600BB1045 /* Debug */,
				F92FB64C2271A9F600BB1045 /* Release */,
			);
			defaultConfigurationIsVisible = 0;
			defaultConfigurationName = Release;
		};
/* End XCConfigurationList section */
	};
	rootObject = F92FB6302271A9F500BB1045 /* Project object */;
}
